// !$*UTF8*$!
{
	archiveVersion = 1;
	classes = {
	};
	objectVersion = 52;
	objects = {

/* Begin PBXBuildFile section */
		058557BB273AAA24004C7B11 /* Assets.xcassets in Resources */ = {isa = PBXBuildFile; fileRef = 058557BA273AAA24004C7B11 /* Assets.xcassets */; };
		2152FB042600AC8F00CF470E /* CocktailApp.swift in Sources */ = {isa = PBXBuildFile; fileRef = 2152FB032600AC8F00CF470E /* CocktailApp.swift */; };
		7555FF83242A565900829871 /* CocktailsDashboard.swift in Sources */ = {isa = PBXBuildFile; fileRef = 7555FF82242A565900829871 /* CocktailsDashboard.swift */; };
		DA5489BB293F88A60028A5E6 /* Modules.swift in Sources */ = {isa = PBXBuildFile; fileRef = DA5489BA293F88A60028A5E6 /* Modules.swift */; };
		DA5489BD293F88F70028A5E6 /* AppModule.swift in Sources */ = {isa = PBXBuildFile; fileRef = DA5489BC293F88F70028A5E6 /* AppModule.swift */; };
		DA5489C2293F895A0028A5E6 /* DSL.swift in Sources */ = {isa = PBXBuildFile; fileRef = DA5489C1293F895A0028A5E6 /* DSL.swift */; };
		DA5489C9293F89930028A5E6 /* Factory.swift in Sources */ = {isa = PBXBuildFile; fileRef = DA5489C3293F89920028A5E6 /* Factory.swift */; };
		DA5489CA293F89930028A5E6 /* CheckForTuple.swift in Sources */ = {isa = PBXBuildFile; fileRef = DA5489C4293F89920028A5E6 /* CheckForTuple.swift */; };
		DA5489CB293F89930028A5E6 /* Single.swift in Sources */ = {isa = PBXBuildFile; fileRef = DA5489C5293F89920028A5E6 /* Single.swift */; };
		DA5489CC293F89930028A5E6 /* KoinComponent.swift in Sources */ = {isa = PBXBuildFile; fileRef = DA5489C6293F89930028A5E6 /* KoinComponent.swift */; };
		DA5489CD293F89930028A5E6 /* Module.swift in Sources */ = {isa = PBXBuildFile; fileRef = DA5489C7293F89930028A5E6 /* Module.swift */; };
		DA5489CE293F89930028A5E6 /* SwiftKClass.swift in Sources */ = {isa = PBXBuildFile; fileRef = DA5489C8293F89930028A5E6 /* SwiftKClass.swift */; };
		DA5489D0293F899D0028A5E6 /* Bind.swift in Sources */ = {isa = PBXBuildFile; fileRef = DA5489CF293F899D0028A5E6 /* Bind.swift */; };
		DAE35DCA294E20D20038EEB3 /* CocktailsNavigation.swift in Sources */ = {isa = PBXBuildFile; fileRef = DAE35DC9294E20D20038EEB3 /* CocktailsNavigation.swift */; };
		DAE35DCE294E20F30038EEB3 /* Navigation.swift in Sources */ = {isa = PBXBuildFile; fileRef = DAE35DCC294E20F30038EEB3 /* Navigation.swift */; };
		DAE35DCF294E20F30038EEB3 /* Environment+Navigation.swift in Sources */ = {isa = PBXBuildFile; fileRef = DAE35DCD294E20F30038EEB3 /* Environment+Navigation.swift */; };
		DAE35DD8294E245B0038EEB3 /* IngredientsView.swift in Sources */ = {isa = PBXBuildFile; fileRef = DAE35DD7294E245B0038EEB3 /* IngredientsView.swift */; };
		DAE35DDA294E24690038EEB3 /* CocktailsCabinetView.swift in Sources */ = {isa = PBXBuildFile; fileRef = DAE35DD9294E24690038EEB3 /* CocktailsCabinetView.swift */; };
		DAE35DDC294E24750038EEB3 /* CocktailsView.swift in Sources */ = {isa = PBXBuildFile; fileRef = DAE35DDB294E24750038EEB3 /* CocktailsView.swift */; };
		DAE35DE1294E24A10038EEB3 /* IngredientsModule.swift in Sources */ = {isa = PBXBuildFile; fileRef = DAE35DE0294E24A10038EEB3 /* IngredientsModule.swift */; };
		DAE35DE3294E24B40038EEB3 /* CocktailsCabinetModule.swift in Sources */ = {isa = PBXBuildFile; fileRef = DAE35DE2294E24B40038EEB3 /* CocktailsCabinetModule.swift */; };
		DAE35DE5294E24BE0038EEB3 /* CocktailsModule.swift in Sources */ = {isa = PBXBuildFile; fileRef = DAE35DE4294E24BE0038EEB3 /* CocktailsModule.swift */; };
		DAE35DEA2951F6F80038EEB3 /* BaseViewModel+Combine.swift in Sources */ = {isa = PBXBuildFile; fileRef = DAE35DE92951F6F80038EEB3 /* BaseViewModel+Combine.swift */; };
		DAE35DEF2951F7730038EEB3 /* Ktx.swift in Sources */ = {isa = PBXBuildFile; fileRef = DAE35DED2951F7730038EEB3 /* Ktx.swift */; };
		DAE35DF02951F7730038EEB3 /* CoroutinePublisher.swift in Sources */ = {isa = PBXBuildFile; fileRef = DAE35DEE2951F7730038EEB3 /* CoroutinePublisher.swift */; };
		DAE35DF32951FECE0038EEB3 /* CombineExt in Frameworks */ = {isa = PBXBuildFile; productRef = DAE35DF22951FECE0038EEB3 /* CombineExt */; };
/* End PBXBuildFile section */

/* Begin PBXCopyFilesBuildPhase section */
		7555FFB4242A642300829871 /* Embed Frameworks */ = {
			isa = PBXCopyFilesBuildPhase;
			buildActionMask = 2147483647;
			dstPath = "";
			dstSubfolderSpec = 10;
			files = (
			);
			name = "Embed Frameworks";
			runOnlyForDeploymentPostprocessing = 0;
		};
/* End PBXCopyFilesBuildPhase section */

/* Begin PBXFileReference section */
		058557BA273AAA24004C7B11 /* Assets.xcassets */ = {isa = PBXFileReference; lastKnownFileType = folder.assetcatalog; path = Assets.xcassets; sourceTree = "<group>"; };
		2152FB032600AC8F00CF470E /* CocktailApp.swift */ = {isa = PBXFileReference; lastKnownFileType = sourcecode.swift; path = CocktailApp.swift; sourceTree = "<group>"; };
		7555FF7B242A565900829871 /* Cocktails.app */ = {isa = PBXFileReference; explicitFileType = wrapper.application; includeInIndex = 0; path = Cocktails.app; sourceTree = BUILT_PRODUCTS_DIR; };
		7555FF82242A565900829871 /* CocktailsDashboard.swift */ = {isa = PBXFileReference; lastKnownFileType = sourcecode.swift; path = CocktailsDashboard.swift; sourceTree = "<group>"; };
		7555FF8C242A565B00829871 /* Info.plist */ = {isa = PBXFileReference; lastKnownFileType = text.plist.xml; path = Info.plist; sourceTree = "<group>"; };
		DA5489BA293F88A60028A5E6 /* Modules.swift */ = {isa = PBXFileReference; lastKnownFileType = sourcecode.swift; path = Modules.swift; sourceTree = "<group>"; };
		DA5489BC293F88F70028A5E6 /* AppModule.swift */ = {isa = PBXFileReference; lastKnownFileType = sourcecode.swift; path = AppModule.swift; sourceTree = "<group>"; };
		DA5489C1293F895A0028A5E6 /* DSL.swift */ = {isa = PBXFileReference; fileEncoding = 4; lastKnownFileType = sourcecode.swift; path = DSL.swift; sourceTree = "<group>"; };
		DA5489C3293F89920028A5E6 /* Factory.swift */ = {isa = PBXFileReference; fileEncoding = 4; lastKnownFileType = sourcecode.swift; path = Factory.swift; sourceTree = "<group>"; };
		DA5489C4293F89920028A5E6 /* CheckForTuple.swift */ = {isa = PBXFileReference; fileEncoding = 4; lastKnownFileType = sourcecode.swift; path = CheckForTuple.swift; sourceTree = "<group>"; };
		DA5489C5293F89920028A5E6 /* Single.swift */ = {isa = PBXFileReference; fileEncoding = 4; lastKnownFileType = sourcecode.swift; path = Single.swift; sourceTree = "<group>"; };
		DA5489C6293F89930028A5E6 /* KoinComponent.swift */ = {isa = PBXFileReference; fileEncoding = 4; lastKnownFileType = sourcecode.swift; path = KoinComponent.swift; sourceTree = "<group>"; };
		DA5489C7293F89930028A5E6 /* Module.swift */ = {isa = PBXFileReference; fileEncoding = 4; lastKnownFileType = sourcecode.swift; path = Module.swift; sourceTree = "<group>"; };
		DA5489C8293F89930028A5E6 /* SwiftKClass.swift */ = {isa = PBXFileReference; fileEncoding = 4; lastKnownFileType = sourcecode.swift; path = SwiftKClass.swift; sourceTree = "<group>"; };
		DA5489CF293F899D0028A5E6 /* Bind.swift */ = {isa = PBXFileReference; fileEncoding = 4; lastKnownFileType = sourcecode.swift; path = Bind.swift; sourceTree = "<group>"; };
		DAE35DC9294E20D20038EEB3 /* CocktailsNavigation.swift */ = {isa = PBXFileReference; lastKnownFileType = sourcecode.swift; path = CocktailsNavigation.swift; sourceTree = "<group>"; };
		DAE35DCC294E20F30038EEB3 /* Navigation.swift */ = {isa = PBXFileReference; fileEncoding = 4; lastKnownFileType = sourcecode.swift; path = Navigation.swift; sourceTree = "<group>"; };
		DAE35DCD294E20F30038EEB3 /* Environment+Navigation.swift */ = {isa = PBXFileReference; fileEncoding = 4; lastKnownFileType = sourcecode.swift; path = "Environment+Navigation.swift"; sourceTree = "<group>"; };
		DAE35DD7294E245B0038EEB3 /* IngredientsView.swift */ = {isa = PBXFileReference; lastKnownFileType = sourcecode.swift; path = IngredientsView.swift; sourceTree = "<group>"; };
		DAE35DD9294E24690038EEB3 /* CocktailsCabinetView.swift */ = {isa = PBXFileReference; lastKnownFileType = sourcecode.swift; path = CocktailsCabinetView.swift; sourceTree = "<group>"; };
		DAE35DDB294E24750038EEB3 /* CocktailsView.swift */ = {isa = PBXFileReference; lastKnownFileType = sourcecode.swift; path = CocktailsView.swift; sourceTree = "<group>"; };
		DAE35DE0294E24A10038EEB3 /* IngredientsModule.swift */ = {isa = PBXFileReference; lastKnownFileType = sourcecode.swift; path = IngredientsModule.swift; sourceTree = "<group>"; };
		DAE35DE2294E24B40038EEB3 /* CocktailsCabinetModule.swift */ = {isa = PBXFileReference; lastKnownFileType = sourcecode.swift; path = CocktailsCabinetModule.swift; sourceTree = "<group>"; };
		DAE35DE4294E24BE0038EEB3 /* CocktailsModule.swift */ = {isa = PBXFileReference; lastKnownFileType = sourcecode.swift; path = CocktailsModule.swift; sourceTree = "<group>"; };
		DAE35DE92951F6F80038EEB3 /* BaseViewModel+Combine.swift */ = {isa = PBXFileReference; fileEncoding = 4; lastKnownFileType = sourcecode.swift; path = "BaseViewModel+Combine.swift"; sourceTree = "<group>"; };
		DAE35DED2951F7730038EEB3 /* Ktx.swift */ = {isa = PBXFileReference; fileEncoding = 4; lastKnownFileType = sourcecode.swift; path = Ktx.swift; sourceTree = "<group>"; };
		DAE35DEE2951F7730038EEB3 /* CoroutinePublisher.swift */ = {isa = PBXFileReference; fileEncoding = 4; lastKnownFileType = sourcecode.swift; path = CoroutinePublisher.swift; sourceTree = "<group>"; };
/* End PBXFileReference section */

/* Begin PBXFrameworksBuildPhase section */
		7555FF78242A565900829871 /* Frameworks */ = {
			isa = PBXFrameworksBuildPhase;
			buildActionMask = 2147483647;
			files = (
				DAE35DF32951FECE0038EEB3 /* CombineExt in Frameworks */,
			);
			runOnlyForDeploymentPostprocessing = 0;
		};
/* End PBXFrameworksBuildPhase section */

/* Begin PBXGroup section */
		7555FF72242A565900829871 = {
			isa = PBXGroup;
			children = (
				7555FF7D242A565900829871 /* iosApp */,
				7555FF7C242A565900829871 /* Products */,
				7555FFB0242A642200829871 /* Frameworks */,
			);
			sourceTree = "<group>";
		};
		7555FF7C242A565900829871 /* Products */ = {
			isa = PBXGroup;
			children = (
				7555FF7B242A565900829871 /* Cocktails.app */,
			);
			name = Products;
			sourceTree = "<group>";
		};
		7555FF7D242A565900829871 /* iosApp */ = {
			isa = PBXGroup;
			children = (
				DA5489B8293F88850028A5E6 /* App */,
				DAE35DE62951F6B10038EEB3 /* Generic */,
				DAE35DD0294E238E0038EEB3 /* Feature */,
				DA5489BE293F89370028A5E6 /* Library */,
				DA5489D1293F8AB50028A5E6 /* Resources */,
				7555FF8C242A565B00829871 /* Info.plist */,
			);
			path = iosApp;
			sourceTree = "<group>";
		};
		7555FFB0242A642200829871 /* Frameworks */ = {
			isa = PBXGroup;
			children = (
			);
			name = Frameworks;
			sourceTree = "<group>";
		};
		DA5489B8293F88850028A5E6 /* App */ = {
			isa = PBXGroup;
			children = (
				DAE35DC8294E20B90038EEB3 /* Navigation */,
				DAE35DC7294E1D190038EEB3 /* View */,
				2152FB032600AC8F00CF470E /* CocktailApp.swift */,
				DA5489B9293F88980028A5E6 /* DI */,
			);
			path = App;
			sourceTree = "<group>";
		};
		DA5489B9293F88980028A5E6 /* DI */ = {
			isa = PBXGroup;
			children = (
				DA5489BA293F88A60028A5E6 /* Modules.swift */,
				DA5489BC293F88F70028A5E6 /* AppModule.swift */,
			);
			path = DI;
			sourceTree = "<group>";
		};
		DA5489BE293F89370028A5E6 /* Library */ = {
			isa = PBXGroup;
			children = (
				DAE35DEB2951F7730038EEB3 /* Coroutines */,
				DAE35DCB294E20F30038EEB3 /* Navigation */,
				DA5489BF293F89420028A5E6 /* Koin */,
			);
			path = Library;
			sourceTree = "<group>";
		};
		DA5489BF293F89420028A5E6 /* Koin */ = {
			isa = PBXGroup;
			children = (
				DA5489C0293F894A0028A5E6 /* DI */,
			);
			path = Koin;
			sourceTree = "<group>";
		};
		DA5489C0293F894A0028A5E6 /* DI */ = {
			isa = PBXGroup;
			children = (
				DA5489CF293F899D0028A5E6 /* Bind.swift */,
				DA5489C1293F895A0028A5E6 /* DSL.swift */,
				DA5489C3293F89920028A5E6 /* Factory.swift */,
				DA5489C4293F89920028A5E6 /* CheckForTuple.swift */,
				DA5489C6293F89930028A5E6 /* KoinComponent.swift */,
				DA5489C7293F89930028A5E6 /* Module.swift */,
				DA5489C5293F89920028A5E6 /* Single.swift */,
				DA5489C8293F89930028A5E6 /* SwiftKClass.swift */,
			);
			path = DI;
			sourceTree = "<group>";
		};
		DA5489D1293F8AB50028A5E6 /* Resources */ = {
			isa = PBXGroup;
			children = (
				058557BA273AAA24004C7B11 /* Assets.xcassets */,
			);
			path = Resources;
			sourceTree = "<group>";
		};
		DAE35DC7294E1D190038EEB3 /* View */ = {
			isa = PBXGroup;
			children = (
				7555FF82242A565900829871 /* CocktailsDashboard.swift */,
			);
			path = View;
			sourceTree = "<group>";
		};
		DAE35DC8294E20B90038EEB3 /* Navigation */ = {
			isa = PBXGroup;
			children = (
				DAE35DC9294E20D20038EEB3 /* CocktailsNavigation.swift */,
			);
			path = Navigation;
			sourceTree = "<group>";
		};
		DAE35DCB294E20F30038EEB3 /* Navigation */ = {
			isa = PBXGroup;
			children = (
				DAE35DCC294E20F30038EEB3 /* Navigation.swift */,
				DAE35DCD294E20F30038EEB3 /* Environment+Navigation.swift */,
			);
			path = Navigation;
			sourceTree = "<group>";
		};
		DAE35DD0294E238E0038EEB3 /* Feature */ = {
			isa = PBXGroup;
			children = (
				DAE35DD3294E24190038EEB3 /* Ingredients */,
				DAE35DD2294E240F0038EEB3 /* Cocktails Cabinet */,
				DAE35DD1294E23AA0038EEB3 /* Cocktails */,
			);
			path = Feature;
			sourceTree = "<group>";
		};
		DAE35DD1294E23AA0038EEB3 /* Cocktails */ = {
			isa = PBXGroup;
			children = (
				DAE35DDD294E24890038EEB3 /* DI */,
				DAE35DD6294E24390038EEB3 /* View */,
			);
			path = Cocktails;
			sourceTree = "<group>";
		};
		DAE35DD2294E240F0038EEB3 /* Cocktails Cabinet */ = {
			isa = PBXGroup;
			children = (
				DAE35DDE294E248E0038EEB3 /* DI */,
				DAE35DD5294E24310038EEB3 /* View */,
			);
			path = "Cocktails Cabinet";
			sourceTree = "<group>";
		};
		DAE35DD3294E24190038EEB3 /* Ingredients */ = {
			isa = PBXGroup;
			children = (
				DAE35DDF294E24940038EEB3 /* DI */,
				DAE35DD4294E24280038EEB3 /* View */,
			);
			path = Ingredients;
			sourceTree = "<group>";
		};
		DAE35DD4294E24280038EEB3 /* View */ = {
			isa = PBXGroup;
			children = (
				DAE35DD7294E245B0038EEB3 /* IngredientsView.swift */,
			);
			path = View;
			sourceTree = "<group>";
		};
		DAE35DD5294E24310038EEB3 /* View */ = {
			isa = PBXGroup;
			children = (
				DAE35DD9294E24690038EEB3 /* CocktailsCabinetView.swift */,
			);
			path = View;
			sourceTree = "<group>";
		};
		DAE35DD6294E24390038EEB3 /* View */ = {
			isa = PBXGroup;
			children = (
				DAE35DDB294E24750038EEB3 /* CocktailsView.swift */,
			);
			path = View;
			sourceTree = "<group>";
		};
		DAE35DDD294E24890038EEB3 /* DI */ = {
			isa = PBXGroup;
			children = (
				DAE35DE4294E24BE0038EEB3 /* CocktailsModule.swift */,
			);
			path = DI;
			sourceTree = "<group>";
		};
		DAE35DDE294E248E0038EEB3 /* DI */ = {
			isa = PBXGroup;
			children = (
				DAE35DE2294E24B40038EEB3 /* CocktailsCabinetModule.swift */,
			);
			path = DI;
			sourceTree = "<group>";
		};
		DAE35DDF294E24940038EEB3 /* DI */ = {
			isa = PBXGroup;
			children = (
				DAE35DE0294E24A10038EEB3 /* IngredientsModule.swift */,
			);
			path = DI;
			sourceTree = "<group>";
		};
		DAE35DE62951F6B10038EEB3 /* Generic */ = {
			isa = PBXGroup;
			children = (
				DAE35DE72951F6F80038EEB3 /* Mvvm */,
			);
			path = Generic;
			sourceTree = "<group>";
		};
		DAE35DE72951F6F80038EEB3 /* Mvvm */ = {
			isa = PBXGroup;
			children = (
				DAE35DE82951F6F80038EEB3 /* Presentation */,
			);
			path = Mvvm;
			sourceTree = "<group>";
		};
		DAE35DE82951F6F80038EEB3 /* Presentation */ = {
			isa = PBXGroup;
			children = (
				DAE35DE92951F6F80038EEB3 /* BaseViewModel+Combine.swift */,
			);
			path = Presentation;
			sourceTree = "<group>";
		};
		DAE35DEB2951F7730038EEB3 /* Coroutines */ = {
			isa = PBXGroup;
			children = (
				DAE35DEC2951F7730038EEB3 /* Domain */,
			);
			path = Coroutines;
			sourceTree = "<group>";
		};
		DAE35DEC2951F7730038EEB3 /* Domain */ = {
			isa = PBXGroup;
			children = (
				DAE35DED2951F7730038EEB3 /* Ktx.swift */,
				DAE35DEE2951F7730038EEB3 /* CoroutinePublisher.swift */,
			);
			path = Domain;
			sourceTree = "<group>";
		};
/* End PBXGroup section */

/* Begin PBXNativeTarget section */
		7555FF7A242A565900829871 /* Cocktails */ = {
			isa = PBXNativeTarget;
			buildConfigurationList = 7555FFA5242A565B00829871 /* Build configuration list for PBXNativeTarget "Cocktails" */;
			buildPhases = (
				7555FFB5242A651A00829871 /* ShellScript */,
				7555FF77242A565900829871 /* Sources */,
				7555FF78242A565900829871 /* Frameworks */,
				7555FF79242A565900829871 /* Resources */,
				7555FFB4242A642300829871 /* Embed Frameworks */,
			);
			buildRules = (
			);
			dependencies = (
			);
			name = Cocktails;
			packageProductDependencies = (
				DAE35DF22951FECE0038EEB3 /* CombineExt */,
			);
			productName = iosApp;
			productReference = 7555FF7B242A565900829871 /* Cocktails.app */;
			productType = "com.apple.product-type.application";
		};
/* End PBXNativeTarget section */

/* Begin PBXProject section */
		7555FF73242A565900829871 /* Project object */ = {
			isa = PBXProject;
			attributes = {
				LastSwiftUpdateCheck = 1130;
				LastUpgradeCheck = 1130;
				ORGANIZATIONNAME = Cocktails;
				TargetAttributes = {
					7555FF7A242A565900829871 = {
						CreatedOnToolsVersion = 11.3.1;
					};
				};
			};
			buildConfigurationList = 7555FF76242A565900829871 /* Build configuration list for PBXProject "Cocktails" */;
			compatibilityVersion = "Xcode 9.3";
			developmentRegion = en;
			hasScannedForEncodings = 0;
			knownRegions = (
				en,
				Base,
			);
			mainGroup = 7555FF72242A565900829871;
			packageReferences = (
				DAE35DF12951FECE0038EEB3 /* XCRemoteSwiftPackageReference "CombineExt" */,
			);
			productRefGroup = 7555FF7C242A565900829871 /* Products */;
			projectDirPath = "";
			projectRoot = "";
			targets = (
				7555FF7A242A565900829871 /* Cocktails */,
			);
		};
/* End PBXProject section */

/* Begin PBXResourcesBuildPhase section */
		7555FF79242A565900829871 /* Resources */ = {
			isa = PBXResourcesBuildPhase;
			buildActionMask = 2147483647;
			files = (
				058557BB273AAA24004C7B11 /* Assets.xcassets in Resources */,
			);
			runOnlyForDeploymentPostprocessing = 0;
		};
/* End PBXResourcesBuildPhase section */

/* Begin PBXShellScriptBuildPhase section */
		7555FFB5242A651A00829871 /* ShellScript */ = {
			isa = PBXShellScriptBuildPhase;
			buildActionMask = 2147483647;
			files = (
			);
			inputFileListPaths = (
			);
			inputPaths = (
			);
			outputFileListPaths = (
			);
			outputPaths = (
			);
			runOnlyForDeploymentPostprocessing = 0;
			shellPath = "/bin/zsh -l";
			shellScript = "cd $SRCROOT/../.. && ./gradlew :ios:integration:embedAndSignAppleFrameworkForXcode\n";
		};
/* End PBXShellScriptBuildPhase section */

/* Begin PBXSourcesBuildPhase section */
		7555FF77242A565900829871 /* Sources */ = {
			isa = PBXSourcesBuildPhase;
			buildActionMask = 2147483647;
			files = (
				DA5489CC293F89930028A5E6 /* KoinComponent.swift in Sources */,
				2152FB042600AC8F00CF470E /* CocktailApp.swift in Sources */,
				DA5489CB293F89930028A5E6 /* Single.swift in Sources */,
				DAE35DEA2951F6F80038EEB3 /* BaseViewModel+Combine.swift in Sources */,
				DA5489CD293F89930028A5E6 /* Module.swift in Sources */,
				DA5489CE293F89930028A5E6 /* SwiftKClass.swift in Sources */,
				DA5489CA293F89930028A5E6 /* CheckForTuple.swift in Sources */,
				DAE35DCF294E20F30038EEB3 /* Environment+Navigation.swift in Sources */,
				DAE35DD8294E245B0038EEB3 /* IngredientsView.swift in Sources */,
				DAE35DE5294E24BE0038EEB3 /* CocktailsModule.swift in Sources */,
				DA5489BD293F88F70028A5E6 /* AppModule.swift in Sources */,
				DA5489C9293F89930028A5E6 /* Factory.swift in Sources */,
				DA5489BB293F88A60028A5E6 /* Modules.swift in Sources */,
				DAE35DCE294E20F30038EEB3 /* Navigation.swift in Sources */,
				DAE35DE3294E24B40038EEB3 /* CocktailsCabinetModule.swift in Sources */,
				DAE35DDC294E24750038EEB3 /* CocktailsView.swift in Sources */,
				DAE35DE1294E24A10038EEB3 /* IngredientsModule.swift in Sources */,
				DAE35DF02951F7730038EEB3 /* CoroutinePublisher.swift in Sources */,
				DAE35DDA294E24690038EEB3 /* CocktailsCabinetView.swift in Sources */,
				DAE35DEF2951F7730038EEB3 /* Ktx.swift in Sources */,
				7555FF83242A565900829871 /* CocktailsDashboard.swift in Sources */,
				DAE35DCA294E20D20038EEB3 /* CocktailsNavigation.swift in Sources */,
				DA5489D0293F899D0028A5E6 /* Bind.swift in Sources */,
				DA5489C2293F895A0028A5E6 /* DSL.swift in Sources */,
			);
			runOnlyForDeploymentPostprocessing = 0;
		};
/* End PBXSourcesBuildPhase section */

/* Begin XCBuildConfiguration section */
		7555FFA3242A565B00829871 /* Debug */ = {
			isa = XCBuildConfiguration;
			buildSettings = {
				ALWAYS_SEARCH_USER_PATHS = NO;
				CLANG_ANALYZER_NONNULL = YES;
				CLANG_ANALYZER_NUMBER_OBJECT_CONVERSION = YES_AGGRESSIVE;
				CLANG_CXX_LANGUAGE_STANDARD = "gnu++14";
				CLANG_CXX_LIBRARY = "libc++";
				CLANG_ENABLE_MODULES = YES;
				CLANG_ENABLE_OBJC_ARC = YES;
				CLANG_ENABLE_OBJC_WEAK = YES;
				CLANG_WARN_BLOCK_CAPTURE_AUTORELEASING = YES;
				CLANG_WARN_BOOL_CONVERSION = YES;
				CLANG_WARN_COMMA = YES;
				CLANG_WARN_CONSTANT_CONVERSION = YES;
				CLANG_WARN_DEPRECATED_OBJC_IMPLEMENTATIONS = YES;
				CLANG_WARN_DIRECT_OBJC_ISA_USAGE = YES_ERROR;
				CLANG_WARN_DOCUMENTATION_COMMENTS = YES;
				CLANG_WARN_EMPTY_BODY = YES;
				CLANG_WARN_ENUM_CONVERSION = YES;
				CLANG_WARN_INFINITE_RECURSION = YES;
				CLANG_WARN_INT_CONVERSION = YES;
				CLANG_WARN_NON_LITERAL_NULL_CONVERSION = YES;
				CLANG_WARN_OBJC_IMPLICIT_RETAIN_SELF = YES;
				CLANG_WARN_OBJC_LITERAL_CONVERSION = YES;
				CLANG_WARN_OBJC_ROOT_CLASS = YES_ERROR;
				CLANG_WARN_QUOTED_INCLUDE_IN_FRAMEWORK_HEADER = YES;
				CLANG_WARN_RANGE_LOOP_ANALYSIS = YES;
				CLANG_WARN_STRICT_PROTOTYPES = YES;
				CLANG_WARN_SUSPICIOUS_MOVE = YES;
				CLANG_WARN_UNGUARDED_AVAILABILITY = YES_AGGRESSIVE;
				CLANG_WARN_UNREACHABLE_CODE = YES;
				CLANG_WARN__DUPLICATE_METHOD_MATCH = YES;
				COPY_PHASE_STRIP = NO;
				DEBUG_INFORMATION_FORMAT = "dwarf-with-dsym";
				ENABLE_STRICT_OBJC_MSGSEND = YES;
				ENABLE_TESTABILITY = YES;
				GCC_C_LANGUAGE_STANDARD = gnu11;
				GCC_DYNAMIC_NO_PIC = NO;
				GCC_NO_COMMON_BLOCKS = YES;
				GCC_OPTIMIZATION_LEVEL = 0;
				GCC_PREPROCESSOR_DEFINITIONS = (
					"DEBUG=1",
					"$(inherited)",
				);
				GCC_WARN_64_TO_32_BIT_CONVERSION = YES;
				GCC_WARN_ABOUT_RETURN_TYPE = YES_ERROR;
				GCC_WARN_UNDECLARED_SELECTOR = YES;
				GCC_WARN_UNINITIALIZED_AUTOS = YES_AGGRESSIVE;
				GCC_WARN_UNUSED_FUNCTION = YES;
				GCC_WARN_UNUSED_VARIABLE = YES;
				IPHONEOS_DEPLOYMENT_TARGET = 14.1;
				MTL_ENABLE_DEBUG_INFO = INCLUDE_SOURCE;
				MTL_FAST_MATH = YES;
				ONLY_ACTIVE_ARCH = YES;
				SDKROOT = iphoneos;
				SWIFT_ACTIVE_COMPILATION_CONDITIONS = DEBUG;
				SWIFT_OPTIMIZATION_LEVEL = "-Onone";
			};
			name = Debug;
		};
		7555FFA4242A565B00829871 /* Release */ = {
			isa = XCBuildConfiguration;
			buildSettings = {
				ALWAYS_SEARCH_USER_PATHS = NO;
				CLANG_ANALYZER_NONNULL = YES;
				CLANG_ANALYZER_NUMBER_OBJECT_CONVERSION = YES_AGGRESSIVE;
				CLANG_CXX_LANGUAGE_STANDARD = "gnu++14";
				CLANG_CXX_LIBRARY = "libc++";
				CLANG_ENABLE_MODULES = YES;
				CLANG_ENABLE_OBJC_ARC = YES;
				CLANG_ENABLE_OBJC_WEAK = YES;
				CLANG_WARN_BLOCK_CAPTURE_AUTORELEASING = YES;
				CLANG_WARN_BOOL_CONVERSION = YES;
				CLANG_WARN_COMMA = YES;
				CLANG_WARN_CONSTANT_CONVERSION = YES;
				CLANG_WARN_DEPRECATED_OBJC_IMPLEMENTATIONS = YES;
				CLANG_WARN_DIRECT_OBJC_ISA_USAGE = YES_ERROR;
				CLANG_WARN_DOCUMENTATION_COMMENTS = YES;
				CLANG_WARN_EMPTY_BODY = YES;
				CLANG_WARN_ENUM_CONVERSION = YES;
				CLANG_WARN_INFINITE_RECURSION = YES;
				CLANG_WARN_INT_CONVERSION = YES;
				CLANG_WARN_NON_LITERAL_NULL_CONVERSION = YES;
				CLANG_WARN_OBJC_IMPLICIT_RETAIN_SELF = YES;
				CLANG_WARN_OBJC_LITERAL_CONVERSION = YES;
				CLANG_WARN_OBJC_ROOT_CLASS = YES_ERROR;
				CLANG_WARN_QUOTED_INCLUDE_IN_FRAMEWORK_HEADER = YES;
				CLANG_WARN_RANGE_LOOP_ANALYSIS = YES;
				CLANG_WARN_STRICT_PROTOTYPES = YES;
				CLANG_WARN_SUSPICIOUS_MOVE = YES;
				CLANG_WARN_UNGUARDED_AVAILABILITY = YES_AGGRESSIVE;
				CLANG_WARN_UNREACHABLE_CODE = YES;
				CLANG_WARN__DUPLICATE_METHOD_MATCH = YES;
				COPY_PHASE_STRIP = NO;
				DEBUG_INFORMATION_FORMAT = "dwarf-with-dsym";
				ENABLE_NS_ASSERTIONS = NO;
				ENABLE_STRICT_OBJC_MSGSEND = YES;
				GCC_C_LANGUAGE_STANDARD = gnu11;
				GCC_NO_COMMON_BLOCKS = YES;
				GCC_WARN_64_TO_32_BIT_CONVERSION = YES;
				GCC_WARN_ABOUT_RETURN_TYPE = YES_ERROR;
				GCC_WARN_UNDECLARED_SELECTOR = YES;
				GCC_WARN_UNINITIALIZED_AUTOS = YES_AGGRESSIVE;
				GCC_WARN_UNUSED_FUNCTION = YES;
				GCC_WARN_UNUSED_VARIABLE = YES;
				IPHONEOS_DEPLOYMENT_TARGET = 14.1;
				MTL_ENABLE_DEBUG_INFO = NO;
				MTL_FAST_MATH = YES;
				SDKROOT = iphoneos;
				SWIFT_COMPILATION_MODE = wholemodule;
				SWIFT_OPTIMIZATION_LEVEL = "-O";
				VALIDATE_PRODUCT = YES;
			};
			name = Release;
		};
		7555FFA6242A565B00829871 /* Debug */ = {
			isa = XCBuildConfiguration;
			buildSettings = {
				ASSETCATALOG_COMPILER_APPICON_NAME = AppIcon;
				"CODE_SIGN_IDENTITY[sdk=iphoneos*]" = "iPhone Developer";
				CODE_SIGN_STYLE = Manual;
				DEVELOPMENT_ASSET_PATHS = "";
				DEVELOPMENT_TEAM = "";
				"DEVELOPMENT_TEAM[sdk=iphoneos*]" = 473264X5JK;
				ENABLE_PREVIEWS = YES;
				FRAMEWORK_SEARCH_PATHS = "\"$(SRCROOT)/../integration/build/xcode-frameworks/$(CONFIGURATION)/$(SDK_NAME)\"";
				INFOPLIST_FILE = iosApp/Info.plist;
				LD_RUNPATH_SEARCH_PATHS = (
					"$(inherited)",
					"@executable_path/Frameworks",
				);
				PRODUCT_BUNDLE_IDENTIFIER = orgIdentifier.iosApp;
				PRODUCT_NAME = "$(TARGET_NAME)";
				PROVISIONING_PROFILE_SPECIFIER = "";
				"PROVISIONING_PROFILE_SPECIFIER[sdk=iphoneos*]" = "iOS Development";
				SWIFT_VERSION = 5.0;
				TARGETED_DEVICE_FAMILY = "1,2";
			};
			name = Debug;
		};
		7555FFA7242A565B00829871 /* Release */ = {
			isa = XCBuildConfiguration;
			buildSettings = {
				ASSETCATALOG_COMPILER_APPICON_NAME = AppIcon;
				CODE_SIGN_STYLE = Automatic;
				DEVELOPMENT_ASSET_PATHS = "";
				ENABLE_PREVIEWS = YES;
				FRAMEWORK_SEARCH_PATHS = "\"$(SRCROOT)/../integration/build/xcode-frameworks/$(CONFIGURATION)/$(SDK_NAME)\"";
				INFOPLIST_FILE = iosApp/Info.plist;
				LD_RUNPATH_SEARCH_PATHS = (
					"$(inherited)",
					"@executable_path/Frameworks",
				);
				PRODUCT_BUNDLE_IDENTIFIER = orgIdentifier.iosApp;
				PRODUCT_NAME = "$(TARGET_NAME)";
				SWIFT_VERSION = 5.0;
				TARGETED_DEVICE_FAMILY = "1,2";
			};
			name = Release;
		};
/* End XCBuildConfiguration section */

/* Begin XCConfigurationList section */
		7555FF76242A565900829871 /* Build configuration list for PBXProject "Cocktails" */ = {
			isa = XCConfigurationList;
			buildConfigurations = (
				7555FFA3242A565B00829871 /* Debug */,
				7555FFA4242A565B00829871 /* Release */,
			);
			defaultConfigurationIsVisible = 0;
			defaultConfigurationName = Debug;
		};
		7555FFA5242A565B00829871 /* Build configuration list for PBXNativeTarget "Cocktails" */ = {
			isa = XCConfigurationList;
			buildConfigurations = (
				7555FFA6242A565B00829871 /* Debug */,
				7555FFA7242A565B00829871 /* Release */,
			);
			defaultConfigurationIsVisible = 0;
			defaultConfigurationName = Debug;
		};
/* End XCConfigurationList section */

/* Begin XCRemoteSwiftPackageReference section */
		DAE35DF12951FECE0038EEB3 /* XCRemoteSwiftPackageReference "CombineExt" */ = {
			isa = XCRemoteSwiftPackageReference;
			repositoryURL = "https://github.com/CombineCommunity/CombineExt.git";
			requirement = {
				kind = upToNextMajorVersion;
				minimumVersion = 1.5.0;
			};
		};
/* End XCRemoteSwiftPackageReference section */

/* Begin XCSwiftPackageProductDependency section */
		DAE35DF22951FECE0038EEB3 /* CombineExt */ = {
			isa = XCSwiftPackageProductDependency;
			package = DAE35DF12951FECE0038EEB3 /* XCRemoteSwiftPackageReference "CombineExt" */;
			productName = CombineExt;
		};
/* End XCSwiftPackageProductDependency section */
	};
	rootObject = 7555FF73242A565900829871 /* Project object */;
}
